{
  "nodes": {
    "nixpkgs": {
      "locked": {
        "lastModified": 1673693480,
        "narHash": "sha256-ZM2jzyKEilkZql7ztCyvGZnoLUKdXipRhCIns98Jbqg=",
        "owner": "NixOS",
        "repo": "nixpkgs",
        "rev": "cb5e28c2108ff6979e800062c67b4fe298889d3e",
        "type": "github"
      },
      "original": {
        "id": "nixpkgs",
        "ref": "release-22.11",
        "type": "indirect"
      }
    },
    "root": {
      "inputs": {
        "nixpkgs": "nixpkgs",
        "utils": "utils"
      }
    },
    "utils": {
      "locked": {
        "lastModified": 1676283394,
        "narHash": "sha256-XX2f9c3iySLCw54rJ/CZs+ZK6IQy7GXNY4nSOyu2QG4=",
        "owner": "numtide",
        "repo": "flake-utils",
        "rev": "3db36a8b464d0c4532ba1c7dda728f4576d6d073",
        "type": "github"
      },
      "original": {
        "owner": "numtide",
        "repo": "flake-utils",
        "type": "github"
      }
    }
  },
  "root": "root",
  "version": 7
}
